
Microsoft Visual Studio Solution File, Format Version 12.00
# Visual Studio Version 17
VisualStudioVersion = 17.0.32014.148
MinimumVisualStudioVersion = 10.0.40219.1
Project("{9A19103F-16F7-4668-BE54-9A1E7A4F7556}") = "ADBSharp", "ADB\ADBSharp.csproj", "{8119A8F0-4405-41BB-9FAF-03E4D240E170}"
EndProject
Global
	GlobalSection(SolutionConfigurationPlatforms) = preSolution
		Debug|Any CPU = Debug|Any CPU
		Release|Any CPU = Release|Any CPU
	EndGlobalSection
	GlobalSection(ProjectConfigurationPlatforms) = postSolution
		{8119A8F0-4405-41BB-9FAF-03E4D240E170}.Debug|Any CPU.ActiveCfg = Debug|Any CPU
		{8119A8F0-4405-41BB-9FAF-03E4D240E170}.Debug|Any CPU.Build.0 = Debug|Any CPU
		{8119A8F0-4405-41BB-9FAF-03E4D240E170}.Release|Any CPU.ActiveCfg = Release|Any CPU
		{8119A8F0-4405-41BB-9FAF-03E4D240E170}.Release|Any CPU.Build.0 = Release|Any CPU
	EndGlobalSection
	GlobalSection(SolutionProperties) = preSolution
		HideSolutionNode = FALSE
	EndGlobalSection
	GlobalSection(ExtensibilityGlobals) = postSolution
		SolutionGuid = {DD2ADB0C-9D5F-45BB-8713-D06099699A2E}
	EndGlobalSection
EndGlobal
